// !$*UTF8*$!
{
	archiveVersion = 1;
	classes = {
	};
	objectVersion = 46;
	objects = {

/* Begin PBXBuildFile section */
		9CD69B341A90B25900533279 /* AppDelegate.swift in Sources */ = {isa = PBXBuildFile; fileRef = 9CD69B331A90B25900533279 /* AppDelegate.swift */; };
		9CD69B361A90B25900533279 /* ViewController.swift in Sources */ = {isa = PBXBuildFile; fileRef = 9CD69B351A90B25900533279 /* ViewController.swift */; };
		9CD69B391A90B25900533279 /* Main.storyboard in Resources */ = {isa = PBXBuildFile; fileRef = 9CD69B371A90B25900533279 /* Main.storyboard */; };
		9CD69B3B1A90B25900533279 /* Images.xcassets in Resources */ = {isa = PBXBuildFile; fileRef = 9CD69B3A1A90B25900533279 /* Images.xcassets */; };
		9CD69B3E1A90B25900533279 /* LaunchScreen.xib in Resources */ = {isa = PBXBuildFile; fileRef = 9CD69B3C1A90B25900533279 /* LaunchScreen.xib */; };
		9CD69B4A1A90B25900533279 /* DrawingBoardTests.swift in Sources */ = {isa = PBXBuildFile; fileRef = 9CD69B491A90B25900533279 /* DrawingBoardTests.swift */; };
		9CDFF6E71AB91738007BD247 /* BaseBrush.swift in Sources */ = {isa = PBXBuildFile; fileRef = 9CDFF6E51AB91738007BD247 /* BaseBrush.swift */; };
		9CDFF6E81AB91738007BD247 /* Board.swift in Sources */ = {isa = PBXBuildFile; fileRef = 9CDFF6E61AB91738007BD247 /* Board.swift */; };
		9CDFF6EE1AB91894007BD247 /* DashLineBrush.swift in Sources */ = {isa = PBXBuildFile; fileRef = 9CDFF6EA1AB91894007BD247 /* DashLineBrush.swift */; };
		9CDFF6EF1AB91894007BD247 /* EllipseBrush.swift in Sources */ = {isa = PBXBuildFile; fileRef = 9CDFF6EB1AB91894007BD247 /* EllipseBrush.swift */; };
		9CDFF6F01AB91894007BD247 /* LineBrush.swift in Sources */ = {isa = PBXBuildFile; fileRef = 9CDFF6EC1AB91894007BD247 /* LineBrush.swift */; };
		9CDFF6F11AB91894007BD247 /* RectangleBrush.swift in Sources */ = {isa = PBXBuildFile; fileRef = 9CDFF6ED1AB91894007BD247 /* RectangleBrush.swift */; };
		9CDFF6F31AB91B53007BD247 /* PencilBrush.swift in Sources */ = {isa = PBXBuildFile; fileRef = 9CDFF6F21AB91B52007BD247 /* PencilBrush.swift */; };
/* End PBXBuildFile section */

/* Begin PBXContainerItemProxy section */
		9CD69B441A90B25900533279 /* PBXContainerItemProxy */ = {
			isa = PBXContainerItemProxy;
			containerPortal = 9CD69B261A90B25900533279 /* Project object */;
			proxyType = 1;
			remoteGlobalIDString = 9CD69B2D1A90B25900533279;
			remoteInfo = DrawingBoard;
		};
/* End PBXContainerItemProxy section */

/* Begin PBXFileReference section */
		9CD69B2E1A90B25900533279 /* DrawingBoard.app */ = {isa = PBXFileReference; explicitFileType = wrapper.application; includeInIndex = 0; path = DrawingBoard.app; sourceTree = BUILT_PRODUCTS_DIR; };
		9CD69B321A90B25900533279 /* Info.plist */ = {isa = PBXFileReference; lastKnownFileType = text.plist.xml; path = Info.plist; sourceTree = "<group>"; };
		9CD69B331A90B25900533279 /* AppDelegate.swift */ = {isa = PBXFileReference; lastKnownFileType = sourcecode.swift; path = AppDelegate.swift; sourceTree = "<group>"; };
		9CD69B351A90B25900533279 /* ViewController.swift */ = {isa = PBXFileReference; lastKnownFileType = sourcecode.swift; path = ViewController.swift; sourceTree = "<group>"; };
		9CD69B381A90B25900533279 /* Base */ = {isa = PBXFileReference; lastKnownFileType = file.storyboard; name = Base; path = Base.lproj/Main.storyboard; sourceTree = "<group>"; };
		9CD69B3A1A90B25900533279 /* Images.xcassets */ = {isa = PBXFileReference; lastKnownFileType = folder.assetcatalog; path = Images.xcassets; sourceTree = "<group>"; };
		9CD69B3D1A90B25900533279 /* Base */ = {isa = PBXFileReference; lastKnownFileType = file.xib; name = Base; path = Base.lproj/LaunchScreen.xib; sourceTree = "<group>"; };
		9CD69B431A90B25900533279 /* DrawingBoardTests.xctest */ = {isa = PBXFileReference; explicitFileType = wrapper.cfbundle; includeInIndex = 0; path = DrawingBoardTests.xctest; sourceTree = BUILT_PRODUCTS_DIR; };
		9CD69B481A90B25900533279 /* Info.plist */ = {isa = PBXFileReference; lastKnownFileType = text.plist.xml; path = Info.plist; sourceTree = "<group>"; };
		9CD69B491A90B25900533279 /* DrawingBoardTests.swift */ = {isa = PBXFileReference; lastKnownFileType = sourcecode.swift; path = DrawingBoardTests.swift; sourceTree = "<group>"; };
		9CDFF6E51AB91738007BD247 /* BaseBrush.swift */ = {isa = PBXFileReference; fileEncoding = 4; lastKnownFileType = sourcecode.swift; path = BaseBrush.swift; sourceTree = "<group>"; };
		9CDFF6E61AB91738007BD247 /* Board.swift */ = {isa = PBXFileReference; fileEncoding = 4; lastKnownFileType = sourcecode.swift; path = Board.swift; sourceTree = "<group>"; };
		9CDFF6EA1AB91894007BD247 /* DashLineBrush.swift */ = {isa = PBXFileReference; fileEncoding = 4; lastKnownFileType = sourcecode.swift; path = DashLineBrush.swift; sourceTree = "<group>"; };
		9CDFF6EB1AB91894007BD247 /* EllipseBrush.swift */ = {isa = PBXFileReference; fileEncoding = 4; lastKnownFileType = sourcecode.swift; path = EllipseBrush.swift; sourceTree = "<group>"; };
		9CDFF6EC1AB91894007BD247 /* LineBrush.swift */ = {isa = PBXFileReference; fileEncoding = 4; lastKnownFileType = sourcecode.swift; path = LineBrush.swift; sourceTree = "<group>"; };
		9CDFF6ED1AB91894007BD247 /* RectangleBrush.swift */ = {isa = PBXFileReference; fileEncoding = 4; lastKnownFileType = sourcecode.swift; path = RectangleBrush.swift; sourceTree = "<group>"; };
		9CDFF6F21AB91B52007BD247 /* PencilBrush.swift */ = {isa = PBXFileReference; fileEncoding = 4; lastKnownFileType = sourcecode.swift; path = PencilBrush.swift; sourceTree = "<group>"; };
/* End PBXFileReference section */

/* Begin PBXFrameworksBuildPhase section */
		9CD69B2B1A90B25900533279 /* Frameworks */ = {
			isa = PBXFrameworksBuildPhase;
			buildActionMask = 2147483647;
			files = (
			);
			runOnlyForDeploymentPostprocessing = 0;
		};
		9CD69B401A90B25900533279 /* Frameworks */ = {
			isa = PBXFrameworksBuildPhase;
			buildActionMask = 2147483647;
			files = (
			);
			runOnlyForDeploymentPostprocessing = 0;
		};
/* End PBXFrameworksBuildPhase section */

/* Begin PBXGroup section */
		9CD69B251A90B25900533279 = {
			isa = PBXGroup;
			children = (
				9CD69B301A90B25900533279 /* DrawingBoard */,
				9CD69B461A90B25900533279 /* DrawingBoardTests */,
				9CD69B2F1A90B25900533279 /* Products */,
			);
			sourceTree = "<group>";
		};
		9CD69B2F1A90B25900533279 /* Products */ = {
			isa = PBXGroup;
			children = (
				9CD69B2E1A90B25900533279 /* DrawingBoard.app */,
				9CD69B431A90B25900533279 /* DrawingBoardTests.xctest */,
			);
			name = Products;
			sourceTree = "<group>";
		};
		9CD69B301A90B25900533279 /* DrawingBoard */ = {
			isa = PBXGroup;
			children = (
				9CDFF6E41AB91738007BD247 /* Base */,
				9CDFF6E91AB91894007BD247 /* Brushes */,
				9CD69B331A90B25900533279 /* AppDelegate.swift */,
				9CD69B351A90B25900533279 /* ViewController.swift */,
				9CD69B371A90B25900533279 /* Main.storyboard */,
				9CD69B3A1A90B25900533279 /* Images.xcassets */,
				9CD69B3C1A90B25900533279 /* LaunchScreen.xib */,
				9CD69B311A90B25900533279 /* Supporting Files */,
			);
			path = DrawingBoard;
			sourceTree = "<group>";
		};
		9CD69B311A90B25900533279 /* Supporting Files */ = {
			isa = PBXGroup;
			children = (
				9CD69B321A90B25900533279 /* Info.plist */,
			);
			name = "Supporting Files";
			sourceTree = "<group>";
		};
		9CD69B461A90B25900533279 /* DrawingBoardTests */ = {
			isa = PBXGroup;
			children = (
				9CD69B491A90B25900533279 /* DrawingBoardTests.swift */,
				9CD69B471A90B25900533279 /* Supporting Files */,
			);
			path = DrawingBoardTests;
			sourceTree = "<group>";
		};
		9CD69B471A90B25900533279 /* Supporting Files */ = {
			isa = PBXGroup;
			children = (
				9CD69B481A90B25900533279 /* Info.plist */,
			);
			name = "Supporting Files";
			sourceTree = "<group>";
		};
		9CDFF6E41AB91738007BD247 /* Base */ = {
			isa = PBXGroup;
			children = (
				9CDFF6E51AB91738007BD247 /* BaseBrush.swift */,
				9CDFF6E61AB91738007BD247 /* Board.swift */,
			);
			path = Base;
			sourceTree = "<group>";
		};
		9CDFF6E91AB91894007BD247 /* Brushes */ = {
			isa = PBXGroup;
			children = (
				9CDFF6F21AB91B52007BD247 /* PencilBrush.swift */,
				9CDFF6EC1AB91894007BD247 /* LineBrush.swift */,
				9CDFF6EA1AB91894007BD247 /* DashLineBrush.swift */,
				9CDFF6ED1AB91894007BD247 /* RectangleBrush.swift */,
				9CDFF6EB1AB91894007BD247 /* EllipseBrush.swift */,
			);
			path = Brushes;
			sourceTree = "<group>";
		};
/* End PBXGroup section */

/* Begin PBXNativeTarget section */
		9CD69B2D1A90B25900533279 /* DrawingBoard */ = {
			isa = PBXNativeTarget;
			buildConfigurationList = 9CD69B4D1A90B25A00533279 /* Build configuration list for PBXNativeTarget "DrawingBoard" */;
			buildPhases = (
				9CD69B2A1A90B25900533279 /* Sources */,
				9CD69B2B1A90B25900533279 /* Frameworks */,
				9CD69B2C1A90B25900533279 /* Resources */,
			);
			buildRules = (
			);
			dependencies = (
			);
			name = DrawingBoard;
			productName = DrawingBoard;
			productReference = 9CD69B2E1A90B25900533279 /* DrawingBoard.app */;
			productType = "com.apple.product-type.application";
		};
		9CD69B421A90B25900533279 /* DrawingBoardTests */ = {
			isa = PBXNativeTarget;
			buildConfigurationList = 9CD69B501A90B25A00533279 /* Build configuration list for PBXNativeTarget "DrawingBoardTests" */;
			buildPhases = (
				9CD69B3F1A90B25900533279 /* Sources */,
				9CD69B401A90B25900533279 /* Frameworks */,
				9CD69B411A90B25900533279 /* Resources */,
			);
			buildRules = (
			);
			dependencies = (
				9CD69B451A90B25900533279 /* PBXTargetDependency */,
			);
			name = DrawingBoardTests;
			productName = DrawingBoardTests;
			productReference = 9CD69B431A90B25900533279 /* DrawingBoardTests.xctest */;
			productType = "com.apple.product-type.bundle.unit-test";
		};
/* End PBXNativeTarget section */

/* Begin PBXProject section */
		9CD69B261A90B25900533279 /* Project object */ = {
			isa = PBXProject;
			attributes = {
				LastUpgradeCheck = 0620;
				ORGANIZATIONNAME = zhangao;
				TargetAttributes = {
					9CD69B2D1A90B25900533279 = {
						CreatedOnToolsVersion = 6.2;
					};
					9CD69B421A90B25900533279 = {
						CreatedOnToolsVersion = 6.2;
						TestTargetID = 9CD69B2D1A90B25900533279;
					};
				};
			};
			buildConfigurationList = 9CD69B291A90B25900533279 /* Build configuration list for PBXProject "DrawingBoard" */;
			compatibilityVersion = "Xcode 3.2";
			developmentRegion = English;
			hasScannedForEncodings = 0;
			knownRegions = (
				en,
				Base,
			);
			mainGroup = 9CD69B251A90B25900533279;
			productRefGroup = 9CD69B2F1A90B25900533279 /* Products */;
			projectDirPath = "";
			projectRoot = "";
			targets = (
				9CD69B2D1A90B25900533279 /* DrawingBoard */,
				9CD69B421A90B25900533279 /* DrawingBoardTests */,
			);
		};
/* End PBXProject section */

/* Begin PBXResourcesBuildPhase section */
		9CD69B2C1A90B25900533279 /* Resources */ = {
			isa = PBXResourcesBuildPhase;
			buildActionMask = 2147483647;
			files = (
				9CD69B391A90B25900533279 /* Main.storyboard in Resources */,
				9CD69B3E1A90B25900533279 /* LaunchScreen.xib in Resources */,
				9CD69B3B1A90B25900533279 /* Images.xcassets in Resources */,
			);
			runOnlyForDeploymentPostprocessing = 0;
		};
		9CD69B411A90B25900533279 /* Resources */ = {
			isa = PBXResourcesBuildPhase;
			buildActionMask = 2147483647;
			files = (
			);
			runOnlyForDeploymentPostprocessing = 0;
		};
/* End PBXResourcesBuildPhase section */

/* Begin PBXSourcesBuildPhase section */
		9CD69B2A1A90B25900533279 /* Sources */ = {
			isa = PBXSourcesBuildPhase;
			buildActionMask = 2147483647;
			files = (
				9CDFF6F11AB91894007BD247 /* RectangleBrush.swift in Sources */,
				9CDFF6EE1AB91894007BD247 /* DashLineBrush.swift in Sources */,
				9CDFF6F31AB91B53007BD247 /* PencilBrush.swift in Sources */,
				9CDFF6E71AB91738007BD247 /* BaseBrush.swift in Sources */,
				9CD69B361A90B25900533279 /* ViewController.swift in Sources */,
				9CDFF6EF1AB91894007BD247 /* EllipseBrush.swift in Sources */,
				9CD69B341A90B25900533279 /* AppDelegate.swift in Sources */,
				9CDFF6F01AB91894007BD247 /* LineBrush.swift in Sources */,
				9CDFF6E81AB91738007BD247 /* Board.swift in Sources */,
			);
			runOnlyForDeploymentPostprocessing = 0;
		};
		9CD69B3F1A90B25900533279 /* Sources */ = {
			isa = PBXSourcesBuildPhase;
			buildActionMask = 2147483647;
			files = (
				9CD69B4A1A90B25900533279 /* DrawingBoardTests.swift in Sources */,
			);
			runOnlyForDeploymentPostprocessing = 0;
		};
/* End PBXSourcesBuildPhase section */

/* Begin PBXTargetDependency section */
		9CD69B451A90B25900533279 /* PBXTargetDependency */ = {
			isa = PBXTargetDependency;
			target = 9CD69B2D1A90B25900533279 /* DrawingBoard */;
			targetProxy = 9CD69B441A90B25900533279 /* PBXContainerItemProxy */;
		};
/* End PBXTargetDependency section */

/* Begin PBXVariantGroup section */
		9CD69B371A90B25900533279 /* Main.storyboard */ = {
			isa = PBXVariantGroup;
			children = (
				9CD69B381A90B25900533279 /* Base */,
			);
			name = Main.storyboard;
			sourceTree = "<group>";
		};
		9CD69B3C1A90B25900533279 /* LaunchScreen.xib */ = {
			isa = PBXVariantGroup;
			children = (
				9CD69B3D1A90B25900533279 /* Base */,
			);
			name = LaunchScreen.xib;
			sourceTree = "<group>";
		};
/* End PBXVariantGroup section */

/* Begin XCBuildConfiguration section */
		9CD69B4B1A90B25A00533279 /* Debug */ = {
			isa = XCBuildConfiguration;
			buildSettings = {
				ALWAYS_SEARCH_USER_PATHS = NO;
				CLANG_CXX_LANGUAGE_STANDARD = "gnu++0x";
				CLANG_CXX_LIBRARY = "libc++";
				CLANG_ENABLE_MODULES = YES;
				CLANG_ENABLE_OBJC_ARC = YES;
				CLANG_WARN_BOOL_CONVERSION = YES;
				CLANG_WARN_CONSTANT_CONVERSION = YES;
				CLANG_WARN_DIRECT_OBJC_ISA_USAGE = YES_ERROR;
				CLANG_WARN_EMPTY_BODY = YES;
				CLANG_WARN_ENUM_CONVERSION = YES;
				CLANG_WARN_INT_CONVERSION = YES;
				CLANG_WARN_OBJC_ROOT_CLASS = YES_ERROR;
				CLANG_WARN_UNREACHABLE_CODE = YES;
				CLANG_WARN__DUPLICATE_METHOD_MATCH = YES;
				"CODE_SIGN_IDENTITY[sdk=iphoneos*]" = "iPhone Developer";
				COPY_PHASE_STRIP = NO;
				ENABLE_STRICT_OBJC_MSGSEND = YES;
				GCC_C_LANGUAGE_STANDARD = gnu99;
				GCC_DYNAMIC_NO_PIC = NO;
				GCC_OPTIMIZATION_LEVEL = 0;
				GCC_PREPROCESSOR_DEFINITIONS = (
					"DEBUG=1",
					"$(inherited)",
				);
				GCC_SYMBOLS_PRIVATE_EXTERN = NO;
				GCC_WARN_64_TO_32_BIT_CONVERSION = YES;
				GCC_WARN_ABOUT_RETURN_TYPE = YES_ERROR;
				GCC_WARN_UNDECLARED_SELECTOR = YES;
				GCC_WARN_UNINITIALIZED_AUTOS = YES_AGGRESSIVE;
				GCC_WARN_UNUSED_FUNCTION = YES;
				GCC_WARN_UNUSED_VARIABLE = YES;
				IPHONEOS_DEPLOYMENT_TARGET = 8.2;
				MTL_ENABLE_DEBUG_INFO = YES;
				ONLY_ACTIVE_ARCH = YES;
				SDKROOT = iphoneos;
				SWIFT_OPTIMIZATION_LEVEL = "-Onone";
			};
			name = Debug;
		};
		9CD69B4C1A90B25A00533279 /* Release */ = {
			isa = XCBuildConfiguration;
			buildSettings = {
				ALWAYS_SEARCH_USER_PATHS = NO;
				CLANG_CXX_LANGUAGE_STANDARD = "gnu++0x";
				CLANG_CXX_LIBRARY = "libc++";
				CLANG_ENABLE_MODULES = YES;
				CLANG_ENABLE_OBJC_ARC = YES;
				CLANG_WARN_BOOL_CONVERSION = YES;
				CLANG_WARN_CONSTANT_CONVERSION = YES;
				CLANG_WARN_DIRECT_OBJC_ISA_USAGE = YES_ERROR;
				CLANG_WARN_EMPTY_BODY = YES;
				CLANG_WARN_ENUM_CONVERSION = YES;
				CLANG_WARN_INT_CONVERSION = YES;
				CLANG_WARN_OBJC_ROOT_CLASS = YES_ERROR;
				CLANG_WARN_UNREACHABLE_CODE = YES;
				CLANG_WARN__DUPLICATE_METHOD_MATCH = YES;
				"CODE_SIGN_IDENTITY[sdk=iphoneos*]" = "iPhone Developer";
				COPY_PHASE_STRIP = NO;
				ENABLE_NS_ASSERTIONS = NO;
				ENABLE_STRICT_OBJC_MSGSEND = YES;
				GCC_C_LANGUAGE_STANDARD = gnu99;
				GCC_WARN_64_TO_32_BIT_CONVERSION = YES;
				GCC_WARN_ABOUT_RETURN_TYPE = YES_ERROR;
				GCC_WARN_UNDECLARED_SELECTOR = YES;
				GCC_WARN_UNINITIALIZED_AUTOS = YES_AGGRESSIVE;
				GCC_WARN_UNUSED_FUNCTION = YES;
				GCC_WARN_UNUSED_VARIABLE = YES;
				IPHONEOS_DEPLOYMENT_TARGET = 8.2;
				MTL_ENABLE_DEBUG_INFO = NO;
				SDKROOT = iphoneos;
				VALIDATE_PRODUCT = YES;
			};
			name = Release;
		};
		9CD69B4E1A90B25A00533279 /* Debug */ = {
			isa = XCBuildConfiguration;
			buildSettings = {
				ASSETCATALOG_COMPILER_APPICON_NAME = AppIcon;
				INFOPLIST_FILE = DrawingBoard/Info.plist;
				LD_RUNPATH_SEARCH_PATHS = "$(inherited) @executable_path/Frameworks";
				PRODUCT_NAME = "$(TARGET_NAME)";
			};
			name = Debug;
		};
		9CD69B4F1A90B25A00533279 /* Release */ = {
			isa = XCBuildConfiguration;
			buildSettings = {
				ASSETCATALOG_COMPILER_APPICON_NAME = AppIcon;
				INFOPLIST_FILE = DrawingBoard/Info.plist;
				LD_RUNPATH_SEARCH_PATHS = "$(inherited) @executable_path/Frameworks";
				PRODUCT_NAME = "$(TARGET_NAME)";
			};
			name = Release;
		};
		9CD69B511A90B25A00533279 /* Debug */ = {
			isa = XCBuildConfiguration;
			buildSettings = {
				BUNDLE_LOADER = "$(TEST_HOST)";
				FRAMEWORK_SEARCH_PATHS = (
					"$(SDKROOT)/Developer/Library/Frameworks",
					"$(inherited)",
				);
				GCC_PREPROCESSOR_DEFINITIONS = (
					"DEBUG=1",
					"$(inherited)",
				);
				INFOPLIST_FILE = DrawingBoardTests/Info.plist;
				LD_RUNPATH_SEARCH_PATHS = "$(inherited) @executable_path/Frameworks @loader_path/Frameworks";
				PRODUCT_NAME = "$(TARGET_NAME)";
				TEST_HOST = "$(BUILT_PRODUCTS_DIR)/DrawingBoard.app/DrawingBoard";
			};
			name = Debug;
		};
		9CD69B521A90B25A00533279 /* Release */ = {
			isa = XCBuildConfiguration;
			buildSettings = {
				BUNDLE_LOADER = "$(TEST_HOST)";
				FRAMEWORK_SEARCH_PATHS = (
					"$(SDKROOT)/Developer/Library/Frameworks",
					"$(inherited)",
				);
				INFOPLIST_FILE = DrawingBoardTests/Info.plist;
				LD_RUNPATH_SEARCH_PATHS = "$(inherited) @executable_path/Frameworks @loader_path/Frameworks";
				PRODUCT_NAME = "$(TARGET_NAME)";
				TEST_HOST = "$(BUILT_PRODUCTS_DIR)/DrawingBoard.app/DrawingBoard";
			};
			name = Release;
		};
/* End XCBuildConfiguration section */

/* Begin XCConfigurationList section */
		9CD69B291A90B25900533279 /* Build configuration list for PBXProject "DrawingBoard" */ = {
			isa = XCConfigurationList;
			buildConfigurations = (
				9CD69B4B1A90B25A00533279 /* Debug */,
				9CD69B4C1A90B25A00533279 /* Release */,
			);
			defaultConfigurationIsVisible = 0;
			defaultConfigurationName = Release;
		};
		9CD69B4D1A90B25A00533279 /* Build configuration list for PBXNativeTarget "DrawingBoard" */ = {
			isa = XCConfigurationList;
			buildConfigurations = (
				9CD69B4E1A90B25A00533279 /* Debug */,
				9CD69B4F1A90B25A00533279 /* Release */,
			);
			defaultConfigurationIsVisible = 0;
			defaultConfigurationName = Release;
		};
		9CD69B501A90B25A00533279 /* Build configuration list for PBXNativeTarget "DrawingBoardTests" */ = {
			isa = XCConfigurationList;
			buildConfigurations = (
				9CD69B511A90B25A00533279 /* Debug */,
				9CD69B521A90B25A00533279 /* Release */,
			);
			defaultConfigurationIsVisible = 0;
			defaultConfigurationName = Release;
		};
/* End XCConfigurationList section */
	};
	rootObject = 9CD69B261A90B25900533279 /* Project object */;
}
